
Microsoft Visual Studio Solution File, Format Version 12.00
# Visual Studio Version 17
VisualStudioVersion = 17.7.33711.374
MinimumVisualStudioVersion = 10.0.40219.1
Project("{9A19103F-16F7-4668-BE54-9A1E7A4F7556}") = "TeamsAIAssistant.Bot", "TeamsAIAssistant.Bot\TeamsAIAssistant.Bot.csproj", "{35860D88-1897-448A-B810-8B48631D668D}"
EndProject
Project("{9A19103F-16F7-4668-BE54-9A1E7A4F7556}") = "TeamsAIAssistant.Data", "TeamsAIAssistant.Data\TeamsAIAssistant.Data.csproj", "{D68F9EC0-7031-4575-9D7E-D6C8E9C0F024}"
EndProject
Project("{9A19103F-16F7-4668-BE54-9A1E7A4F7556}") = "TeamsAIAssistant.Functions", "TeamsAIAssistant.Functions\TeamsAIAssistant.Functions.csproj", "{E3B6A5CA-27D1-415B-B186-DA36102C3C58}"
EndProject
Global
	GlobalSection(SolutionConfigurationPlatforms) = preSolution
		Debug|Any CPU = Debug|Any CPU
		Release|Any CPU = Release|Any CPU
	EndGlobalSection
	GlobalSection(ProjectConfigurationPlatforms) = postSolution
		{35860D88-1897-448A-B810-8B48631D668D}.Debug|Any CPU.ActiveCfg = Debug|Any CPU
		{35860D88-1897-448A-B810-8B48631D668D}.Debug|Any CPU.Build.0 = Debug|Any CPU
		{35860D88-1897-448A-B810-8B48631D668D}.Release|Any CPU.ActiveCfg = Release|Any CPU
		{35860D88-1897-448A-B810-8B48631D668D}.Release|Any CPU.Build.0 = Release|Any CPU
		{D68F9EC0-7031-4575-9D7E-D6C8E9C0F024}.Debug|Any CPU.ActiveCfg = Debug|Any CPU
		{D68F9EC0-7031-4575-9D7E-D6C8E9C0F024}.Debug|Any CPU.Build.0 = Debug|Any CPU
		{D68F9EC0-7031-4575-9D7E-D6C8E9C0F024}.Release|Any CPU.ActiveCfg = Release|Any CPU
		{D68F9EC0-7031-4575-9D7E-D6C8E9C0F024}.Release|Any CPU.Build.0 = Release|Any CPU
		{E3B6A5CA-27D1-415B-B186-DA36102C3C58}.Debug|Any CPU.ActiveCfg = Debug|Any CPU
		{E3B6A5CA-27D1-415B-B186-DA36102C3C58}.Debug|Any CPU.Build.0 = Debug|Any CPU
		{E3B6A5CA-27D1-415B-B186-DA36102C3C58}.Release|Any CPU.ActiveCfg = Release|Any CPU
		{E3B6A5CA-27D1-415B-B186-DA36102C3C58}.Release|Any CPU.Build.0 = Release|Any CPU
	EndGlobalSection
	GlobalSection(SolutionProperties) = preSolution
		HideSolutionNode = FALSE
	EndGlobalSection
	GlobalSection(ExtensibilityGlobals) = postSolution
		SolutionGuid = {3B4FA778-4AB4-4D7C-9AF6-C5F15C7AFC32}
	EndGlobalSection
EndGlobal
